
Microsoft Visual Studio Solution File, Format Version 12.00
# Visual Studio 15
VisualStudioVersion = 15.0.28307.902
MinimumVisualStudioVersion = 10.0.40219.1
Project("{FAE04EC0-301F-11D3-BF4B-00C04F79EFBC}") = "BasicMVC_ADO.Net", "BasicMVC_ADO.Net\BasicMVC_ADO.Net.csproj", "{F48808B1-B804-4DB5-A56D-DB33A440677E}"
EndProject
Global
	GlobalSection(SolutionConfigurationPlatforms) = preSolution
		Debug|Any CPU = Debug|Any CPU
		Release|Any CPU = Release|Any CPU
	EndGlobalSection
	GlobalSection(ProjectConfigurationPlatforms) = postSolution
		{F48808B1-B804-4DB5-A56D-DB33A440677E}.Debug|Any CPU.ActiveCfg = Debug|Any CPU
		{F48808B1-B804-4DB5-A56D-DB33A440677E}.Debug|Any CPU.Build.0 = Debug|Any CPU
		{F48808B1-B804-4DB5-A56D-DB33A440677E}.Release|Any CPU.ActiveCfg = Release|Any CPU
		{F48808B1-B804-4DB5-A56D-DB33A440677E}.Release|Any CPU.Build.0 = Release|Any CPU
	EndGlobalSection
	GlobalSection(SolutionProperties) = preSolution
		HideSolutionNode = FALSE
	EndGlobalSection
	GlobalSection(ExtensibilityGlobals) = postSolution
		SolutionGuid = {06D24B05-61FC-4E9B-A266-6428470EBD3D}
	EndGlobalSection
EndGlobal
